{
  "version": "4",
  "specifiers": {
    "jsr:@std/assert@*": "1.0.5",
    "jsr:@std/internal@^1.0.3": "1.0.3",
    "npm:@emurgo/cardano-serialization-lib-nodejs@13.1.0": "13.1.0",
    "npm:@types/node@*": "18.16.19"
  },
  "jsr": {
    "@std/assert@1.0.5": {
      "integrity": "e37da8e4033490ce613eec4ac1d78dba1faf5b02a3f6c573a28f15365b9b440f",
      "dependencies": [
        "jsr:@std/internal"
      ]
    },
    "@std/internal@1.0.3": {
      "integrity": "208e9b94a3d5649bd880e9ca38b885ab7651ab5b5303a56ed25de4755fb7b11e"
    }
  },
  "npm": {
    "@emurgo/cardano-serialization-lib-nodejs@13.1.0": {
      "integrity": "sha512-KBIBGEOjTWmilQ3VHTydtMgGSiJkVK14b5N+DwBp2kkO1IqwJyzFQOWDMkQGgEFuJ1Y4Yu05xyxph1JY9/m65w=="
    },
    "@types/node@18.16.19": {
      "integrity": "sha512-IXl7o+R9iti9eBW4Wg2hx1xQDig183jj7YLn8F7udNceyfkbn1ZxmzZXuak20gR40D7pIkIY1kYGx5VIGbaHKA=="
    }
  },
  "workspace": {
    "dependencies": [
      "jsr:@std/assert@*",
      "npm:@emurgo/cardano-serialization-lib-nodejs@13.1.0"
    ]
  }
}
